
Microsoft Visual Studio Solution File, Format Version 12.00
# Visual Studio Version 17
VisualStudioVersion = 17.5.33516.290
MinimumVisualStudioVersion = 10.0.40219.1
Project("{FAE04EC0-301F-11D3-BF4B-00C04F79EFBC}") = "Triangulo", "Triangulo\Triangulo.csproj", "{A2D5F3E3-7BD3-4CE2-8394-180E96F325AC}"
EndProject
Global
	GlobalSection(SolutionConfigurationPlatforms) = preSolution
		Debug|Any CPU = Debug|Any CPU
		Release|Any CPU = Release|Any CPU
	EndGlobalSection
	GlobalSection(ProjectConfigurationPlatforms) = postSolution
		{A2D5F3E3-7BD3-4CE2-8394-180E96F325AC}.Debug|Any CPU.ActiveCfg = Debug|Any CPU
		{A2D5F3E3-7BD3-4CE2-8394-180E96F325AC}.Debug|Any CPU.Build.0 = Debug|Any CPU
		{A2D5F3E3-7BD3-4CE2-8394-180E96F325AC}.Release|Any CPU.ActiveCfg = Release|Any CPU
		{A2D5F3E3-7BD3-4CE2-8394-180E96F325AC}.Release|Any CPU.Build.0 = Release|Any CPU
	EndGlobalSection
	GlobalSection(SolutionProperties) = preSolution
		HideSolutionNode = FALSE
	EndGlobalSection
	GlobalSection(ExtensibilityGlobals) = postSolution
		SolutionGuid = {76B8D3A4-718A-4143-BEDB-0855D1EBA40C}
	EndGlobalSection
EndGlobal
